// !$*UTF8*$!
{
	archiveVersion = 1;
	classes = {
	};
	objectVersion = 50;
	objects = {

/* Begin PBXBuildFile section */
		62299B9123D4166300429309 /* GFTitleLabel.swift in Sources */ = {isa = PBXBuildFile; fileRef = 62299B9023D4166300429309 /* GFTitleLabel.swift */; };
		62299B9323D4192E00429309 /* GFBodyLabel.swift in Sources */ = {isa = PBXBuildFile; fileRef = 62299B9223D4192E00429309 /* GFBodyLabel.swift */; };
		62299B9523D41AA500429309 /* GFAlertVC.swift in Sources */ = {isa = PBXBuildFile; fileRef = 62299B9423D41AA500429309 /* GFAlertVC.swift */; };
		62299B9723D43DDA00429309 /* UIViewController+Ext.swift in Sources */ = {isa = PBXBuildFile; fileRef = 62299B9623D43DDA00429309 /* UIViewController+Ext.swift */; };
		6245B31E244C39630023299A /* GFRepoItemVC.swift in Sources */ = {isa = PBXBuildFile; fileRef = 6245B31D244C39630023299A /* GFRepoItemVC.swift */; };
		6245B322244C3DB20023299A /* GFFollowerItemVC.swift in Sources */ = {isa = PBXBuildFile; fileRef = 6245B321244C3DB20023299A /* GFFollowerItemVC.swift */; };
		626D98E2244AB07600EC6D88 /* GFItemInfoView.swift in Sources */ = {isa = PBXBuildFile; fileRef = 626D98E1244AB07600EC6D88 /* GFItemInfoView.swift */; };
		626D98E4244AB8D700EC6D88 /* GFItemInfoVC.swift in Sources */ = {isa = PBXBuildFile; fileRef = 626D98E3244AB8D700EC6D88 /* GFItemInfoVC.swift */; };
		62AA72BB24454F7B007879B7 /* GFEmptyStateView.swift in Sources */ = {isa = PBXBuildFile; fileRef = 62AA72BA24454F7B007879B7 /* GFEmptyStateView.swift */; };
		62AA72BD2447FDFE007879B7 /* UserInfoVC.swift in Sources */ = {isa = PBXBuildFile; fileRef = 62AA72BC2447FDFE007879B7 /* UserInfoVC.swift */; };
		62AA72BF24481855007879B7 /* GFError.swift in Sources */ = {isa = PBXBuildFile; fileRef = 62AA72BE24481855007879B7 /* GFError.swift */; };
		62AA72C1244949D5007879B7 /* GFUserInfoHeaderVC.swift in Sources */ = {isa = PBXBuildFile; fileRef = 62AA72C0244949D5007879B7 /* GFUserInfoHeaderVC.swift */; };
		62AA72C324494A5D007879B7 /* GFSecondaryTitleLabel.swift in Sources */ = {isa = PBXBuildFile; fileRef = 62AA72C224494A5D007879B7 /* GFSecondaryTitleLabel.swift */; };
		62AA72C724495D2D007879B7 /* Constants.swift in Sources */ = {isa = PBXBuildFile; fileRef = 62AA72C624495D2D007879B7 /* Constants.swift */; };
		62B2953124145BBE0005183C /* UIHelper.swift in Sources */ = {isa = PBXBuildFile; fileRef = 62B2953024145BBE0005183C /* UIHelper.swift */; };
		62B6D03823C8361C00C5723E /* AppDelegate.swift in Sources */ = {isa = PBXBuildFile; fileRef = 62B6D03723C8361C00C5723E /* AppDelegate.swift */; };
		62B6D03A23C8361C00C5723E /* SceneDelegate.swift in Sources */ = {isa = PBXBuildFile; fileRef = 62B6D03923C8361C00C5723E /* SceneDelegate.swift */; };
		62B6D04123C8361F00C5723E /* Assets.xcassets in Resources */ = {isa = PBXBuildFile; fileRef = 62B6D04023C8361F00C5723E /* Assets.xcassets */; };
		62B6D04423C8361F00C5723E /* LaunchScreen.storyboard in Resources */ = {isa = PBXBuildFile; fileRef = 62B6D04223C8361F00C5723E /* LaunchScreen.storyboard */; };
		62B6D04C23C8436400C5723E /* SearchVC.swift in Sources */ = {isa = PBXBuildFile; fileRef = 62B6D04B23C8436400C5723E /* SearchVC.swift */; };
		62B6D04E23C843BF00C5723E /* FavoritesListVC.swift in Sources */ = {isa = PBXBuildFile; fileRef = 62B6D04D23C843BF00C5723E /* FavoritesListVC.swift */; };
		62B6D17023CAD8EE00C5723E /* GFButton.swift in Sources */ = {isa = PBXBuildFile; fileRef = 62B6D16F23CAD8EE00C5723E /* GFButton.swift */; };
		62B6D17223CADC8F00C5723E /* GFTextField.swift in Sources */ = {isa = PBXBuildFile; fileRef = 62B6D17123CADC8F00C5723E /* GFTextField.swift */; };
		62C75FF823F8E83100B6CC5B /* FollowerCell.swift in Sources */ = {isa = PBXBuildFile; fileRef = 62C75FF723F8E83100B6CC5B /* FollowerCell.swift */; };
		62C75FFA23F8E97400B6CC5B /* GFAvatarImageView.swift in Sources */ = {isa = PBXBuildFile; fileRef = 62C75FF923F8E97400B6CC5B /* GFAvatarImageView.swift */; };
		62D5EBCB23D6CDC10078BE11 /* Follower.swift in Sources */ = {isa = PBXBuildFile; fileRef = 62D5EBCA23D6CDC10078BE11 /* Follower.swift */; };
		62D5EBCD23D6CF480078BE11 /* User.swift in Sources */ = {isa = PBXBuildFile; fileRef = 62D5EBCC23D6CF480078BE11 /* User.swift */; };
		62D5EBD023E5158D0078BE11 /* NetworkManager.swift in Sources */ = {isa = PBXBuildFile; fileRef = 62D5EBCF23E5158D0078BE11 /* NetworkManager.swift */; };
		62E6E0EC23D128B2007AC29B /* FollowerListVC.swift in Sources */ = {isa = PBXBuildFile; fileRef = 62E6E0EB23D128B2007AC29B /* FollowerListVC.swift */; };
/* End PBXBuildFile section */

/* Begin PBXFileReference section */
		62299B9023D4166300429309 /* GFTitleLabel.swift */ = {isa = PBXFileReference; lastKnownFileType = sourcecode.swift; path = GFTitleLabel.swift; sourceTree = "<group>"; };
		62299B9223D4192E00429309 /* GFBodyLabel.swift */ = {isa = PBXFileReference; lastKnownFileType = sourcecode.swift; path = GFBodyLabel.swift; sourceTree = "<group>"; };
		62299B9423D41AA500429309 /* GFAlertVC.swift */ = {isa = PBXFileReference; lastKnownFileType = sourcecode.swift; path = GFAlertVC.swift; sourceTree = "<group>"; };
		62299B9623D43DDA00429309 /* UIViewController+Ext.swift */ = {isa = PBXFileReference; lastKnownFileType = sourcecode.swift; path = "UIViewController+Ext.swift"; sourceTree = "<group>"; };
		6245B31D244C39630023299A /* GFRepoItemVC.swift */ = {isa = PBXFileReference; lastKnownFileType = sourcecode.swift; path = GFRepoItemVC.swift; sourceTree = "<group>"; };
		6245B321244C3DB20023299A /* GFFollowerItemVC.swift */ = {isa = PBXFileReference; lastKnownFileType = sourcecode.swift; path = GFFollowerItemVC.swift; sourceTree = "<group>"; };
		626D98E1244AB07600EC6D88 /* GFItemInfoView.swift */ = {isa = PBXFileReference; lastKnownFileType = sourcecode.swift; path = GFItemInfoView.swift; sourceTree = "<group>"; };
		626D98E3244AB8D700EC6D88 /* GFItemInfoVC.swift */ = {isa = PBXFileReference; lastKnownFileType = sourcecode.swift; path = GFItemInfoVC.swift; sourceTree = "<group>"; };
		62AA72BA24454F7B007879B7 /* GFEmptyStateView.swift */ = {isa = PBXFileReference; lastKnownFileType = sourcecode.swift; path = GFEmptyStateView.swift; sourceTree = "<group>"; };
		62AA72BC2447FDFE007879B7 /* UserInfoVC.swift */ = {isa = PBXFileReference; lastKnownFileType = sourcecode.swift; path = UserInfoVC.swift; sourceTree = "<group>"; };
		62AA72BE24481855007879B7 /* GFError.swift */ = {isa = PBXFileReference; lastKnownFileType = sourcecode.swift; path = GFError.swift; sourceTree = "<group>"; };
		62AA72C0244949D5007879B7 /* GFUserInfoHeaderVC.swift */ = {isa = PBXFileReference; lastKnownFileType = sourcecode.swift; path = GFUserInfoHeaderVC.swift; sourceTree = "<group>"; };
		62AA72C224494A5D007879B7 /* GFSecondaryTitleLabel.swift */ = {isa = PBXFileReference; lastKnownFileType = sourcecode.swift; path = GFSecondaryTitleLabel.swift; sourceTree = "<group>"; };
		62AA72C624495D2D007879B7 /* Constants.swift */ = {isa = PBXFileReference; lastKnownFileType = sourcecode.swift; path = Constants.swift; sourceTree = "<group>"; };
		62B2953024145BBE0005183C /* UIHelper.swift */ = {isa = PBXFileReference; lastKnownFileType = sourcecode.swift; path = UIHelper.swift; sourceTree = "<group>"; };
		62B6D03423C8361C00C5723E /* GHFollower.app */ = {isa = PBXFileReference; explicitFileType = wrapper.application; includeInIndex = 0; path = GHFollower.app; sourceTree = BUILT_PRODUCTS_DIR; };
		62B6D03723C8361C00C5723E /* AppDelegate.swift */ = {isa = PBXFileReference; lastKnownFileType = sourcecode.swift; path = AppDelegate.swift; sourceTree = "<group>"; };
		62B6D03923C8361C00C5723E /* SceneDelegate.swift */ = {isa = PBXFileReference; lastKnownFileType = sourcecode.swift; path = SceneDelegate.swift; sourceTree = "<group>"; };
		62B6D04023C8361F00C5723E /* Assets.xcassets */ = {isa = PBXFileReference; lastKnownFileType = folder.assetcatalog; path = Assets.xcassets; sourceTree = "<group>"; };
		62B6D04323C8361F00C5723E /* Base */ = {isa = PBXFileReference; lastKnownFileType = file.storyboard; name = Base; path = Base.lproj/LaunchScreen.storyboard; sourceTree = "<group>"; };
		62B6D04523C8361F00C5723E /* Info.plist */ = {isa = PBXFileReference; lastKnownFileType = text.plist.xml; path = Info.plist; sourceTree = "<group>"; };
		62B6D04B23C8436400C5723E /* SearchVC.swift */ = {isa = PBXFileReference; lastKnownFileType = sourcecode.swift; path = SearchVC.swift; sourceTree = "<group>"; };
		62B6D04D23C843BF00C5723E /* FavoritesListVC.swift */ = {isa = PBXFileReference; lastKnownFileType = sourcecode.swift; path = FavoritesListVC.swift; sourceTree = "<group>"; };
		62B6D16F23CAD8EE00C5723E /* GFButton.swift */ = {isa = PBXFileReference; lastKnownFileType = sourcecode.swift; path = GFButton.swift; sourceTree = "<group>"; };
		62B6D17123CADC8F00C5723E /* GFTextField.swift */ = {isa = PBXFileReference; lastKnownFileType = sourcecode.swift; path = GFTextField.swift; sourceTree = "<group>"; };
		62C75FF723F8E83100B6CC5B /* FollowerCell.swift */ = {isa = PBXFileReference; lastKnownFileType = sourcecode.swift; path = FollowerCell.swift; sourceTree = "<group>"; };
		62C75FF923F8E97400B6CC5B /* GFAvatarImageView.swift */ = {isa = PBXFileReference; lastKnownFileType = sourcecode.swift; path = GFAvatarImageView.swift; sourceTree = "<group>"; };
		62D5EBCA23D6CDC10078BE11 /* Follower.swift */ = {isa = PBXFileReference; lastKnownFileType = sourcecode.swift; path = Follower.swift; sourceTree = "<group>"; };
		62D5EBCC23D6CF480078BE11 /* User.swift */ = {isa = PBXFileReference; lastKnownFileType = sourcecode.swift; path = User.swift; sourceTree = "<group>"; };
		62D5EBCF23E5158D0078BE11 /* NetworkManager.swift */ = {isa = PBXFileReference; lastKnownFileType = sourcecode.swift; path = NetworkManager.swift; sourceTree = "<group>"; };
		62E6E0EB23D128B2007AC29B /* FollowerListVC.swift */ = {isa = PBXFileReference; lastKnownFileType = sourcecode.swift; path = FollowerListVC.swift; sourceTree = "<group>"; };
/* End PBXFileReference section */

/* Begin PBXFrameworksBuildPhase section */
		62B6D03123C8361C00C5723E /* Frameworks */ = {
			isa = PBXFrameworksBuildPhase;
			buildActionMask = 2147483647;
			files = (
			);
			runOnlyForDeploymentPostprocessing = 0;
		};
/* End PBXFrameworksBuildPhase section */

/* Begin PBXGroup section */
		62299B9823D442A400429309 /* Screens */ = {
			isa = PBXGroup;
			children = (
				62B6D04B23C8436400C5723E /* SearchVC.swift */,
				62B6D04D23C843BF00C5723E /* FavoritesListVC.swift */,
				62E6E0EB23D128B2007AC29B /* FollowerListVC.swift */,
				62AA72BC2447FDFE007879B7 /* UserInfoVC.swift */,
			);
			path = Screens;
			sourceTree = "<group>";
		};
		62299B9923D4430D00429309 /* Custom Views */ = {
			isa = PBXGroup;
			children = (
				62AA72B924454DF3007879B7 /* Labeles */,
				62AA72B824454DBD007879B7 /* ViewControllers */,
				62AA72B724454DB4007879B7 /* ImageViews */,
				62AA72B624454D95007879B7 /* TextFields */,
				62AA72B524454D8B007879B7 /* Buttons */,
				62AA72B424454D79007879B7 /* Views */,
				62C75FF623F8E70A00B6CC5B /* Cells */,
			);
			path = "Custom Views";
			sourceTree = "<group>";
		};
		62299B9A23D4434B00429309 /* Extensions */ = {
			isa = PBXGroup;
			children = (
				62299B9623D43DDA00429309 /* UIViewController+Ext.swift */,
			);
			path = Extensions;
			sourceTree = "<group>";
		};
		62299B9B23D4447D00429309 /* Support */ = {
			isa = PBXGroup;
			children = (
				62B6D03723C8361C00C5723E /* AppDelegate.swift */,
				62B6D03923C8361C00C5723E /* SceneDelegate.swift */,
				62B6D04023C8361F00C5723E /* Assets.xcassets */,
				62B6D04223C8361F00C5723E /* LaunchScreen.storyboard */,
			);
			path = Support;
			sourceTree = "<group>";
		};
		62AA72B424454D79007879B7 /* Views */ = {
			isa = PBXGroup;
			children = (
				62AA72BA24454F7B007879B7 /* GFEmptyStateView.swift */,
				626D98E1244AB07600EC6D88 /* GFItemInfoView.swift */,
			);
			path = Views;
			sourceTree = "<group>";
		};
		62AA72B524454D8B007879B7 /* Buttons */ = {
			isa = PBXGroup;
			children = (
				62B6D16F23CAD8EE00C5723E /* GFButton.swift */,
			);
			path = Buttons;
			sourceTree = "<group>";
		};
		62AA72B624454D95007879B7 /* TextFields */ = {
			isa = PBXGroup;
			children = (
				62B6D17123CADC8F00C5723E /* GFTextField.swift */,
			);
			path = TextFields;
			sourceTree = "<group>";
		};
		62AA72B724454DB4007879B7 /* ImageViews */ = {
			isa = PBXGroup;
			children = (
				62C75FF923F8E97400B6CC5B /* GFAvatarImageView.swift */,
			);
			path = ImageViews;
			sourceTree = "<group>";
		};
		62AA72B824454DBD007879B7 /* ViewControllers */ = {
			isa = PBXGroup;
			children = (
				62299B9423D41AA500429309 /* GFAlertVC.swift */,
				62AA72C0244949D5007879B7 /* GFUserInfoHeaderVC.swift */,
				626D98E3244AB8D700EC6D88 /* GFItemInfoVC.swift */,
				6245B31D244C39630023299A /* GFRepoItemVC.swift */,
				6245B321244C3DB20023299A /* GFFollowerItemVC.swift */,
			);
			path = ViewControllers;
			sourceTree = "<group>";
		};
		62AA72B924454DF3007879B7 /* Labeles */ = {
			isa = PBXGroup;
			children = (
				62299B9023D4166300429309 /* GFTitleLabel.swift */,
				62299B9223D4192E00429309 /* GFBodyLabel.swift */,
				62AA72C224494A5D007879B7 /* GFSecondaryTitleLabel.swift */,
			);
			path = Labeles;
			sourceTree = "<group>";
		};
		62B6D02B23C8361C00C5723E = {
			isa = PBXGroup;
			children = (
				62B6D03623C8361C00C5723E /* GHFollower */,
				62B6D03523C8361C00C5723E /* Products */,
			);
			sourceTree = "<group>";
		};
		62B6D03523C8361C00C5723E /* Products */ = {
			isa = PBXGroup;
			children = (
				62B6D03423C8361C00C5723E /* GHFollower.app */,
			);
			name = Products;
			sourceTree = "<group>";
		};
		62B6D03623C8361C00C5723E /* GHFollower */ = {
			isa = PBXGroup;
			children = (
				62D5EBD123E7A5DF0078BE11 /* Utilities */,
				62D5EBCE23E515540078BE11 /* Manager */,
				62D5EBC923D6CD960078BE11 /* Model */,
				62B6D04523C8361F00C5723E /* Info.plist */,
				62299B9B23D4447D00429309 /* Support */,
				62299B9A23D4434B00429309 /* Extensions */,
				62299B9923D4430D00429309 /* Custom Views */,
				62299B9823D442A400429309 /* Screens */,
			);
			path = GHFollower;
			sourceTree = "<group>";
		};
		62C75FF623F8E70A00B6CC5B /* Cells */ = {
			isa = PBXGroup;
			children = (
				62C75FF723F8E83100B6CC5B /* FollowerCell.swift */,
			);
			path = Cells;
			sourceTree = "<group>";
		};
		62D5EBC923D6CD960078BE11 /* Model */ = {
			isa = PBXGroup;
			children = (
				62D5EBCA23D6CDC10078BE11 /* Follower.swift */,
				62D5EBCC23D6CF480078BE11 /* User.swift */,
			);
			path = Model;
			sourceTree = "<group>";
		};
		62D5EBCE23E515540078BE11 /* Manager */ = {
			isa = PBXGroup;
			children = (
				62D5EBCF23E5158D0078BE11 /* NetworkManager.swift */,
			);
			path = Manager;
			sourceTree = "<group>";
		};
		62D5EBD123E7A5DF0078BE11 /* Utilities */ = {
			isa = PBXGroup;
			children = (
				62AA72BE24481855007879B7 /* GFError.swift */,
				62B2953024145BBE0005183C /* UIHelper.swift */,
				62AA72C624495D2D007879B7 /* Constants.swift */,
			);
			path = Utilities;
			sourceTree = "<group>";
		};
/* End PBXGroup section */

/* Begin PBXNativeTarget section */
		62B6D03323C8361C00C5723E /* GHFollower */ = {
			isa = PBXNativeTarget;
			buildConfigurationList = 62B6D04823C8361F00C5723E /* Build configuration list for PBXNativeTarget "GHFollower" */;
			buildPhases = (
				62B6D03023C8361C00C5723E /* Sources */,
				62B6D03123C8361C00C5723E /* Frameworks */,
				62B6D03223C8361C00C5723E /* Resources */,
			);
			buildRules = (
			);
			dependencies = (
			);
			name = GHFollower;
			productName = GHFollower;
			productReference = 62B6D03423C8361C00C5723E /* GHFollower.app */;
			productType = "com.apple.product-type.application";
		};
/* End PBXNativeTarget section */

/* Begin PBXProject section */
		62B6D02C23C8361C00C5723E /* Project object */ = {
			isa = PBXProject;
			attributes = {
				LastSwiftUpdateCheck = 1120;
				LastUpgradeCheck = 1120;
				ORGANIZATIONNAME = "Roberto Halgravez";
				TargetAttributes = {
					62B6D03323C8361C00C5723E = {
						CreatedOnToolsVersion = 11.2;
					};
				};
			};
			buildConfigurationList = 62B6D02F23C8361C00C5723E /* Build configuration list for PBXProject "GHFollower" */;
			compatibilityVersion = "Xcode 9.3";
			developmentRegion = en;
			hasScannedForEncodings = 0;
			knownRegions = (
				en,
				Base,
			);
			mainGroup = 62B6D02B23C8361C00C5723E;
			productRefGroup = 62B6D03523C8361C00C5723E /* Products */;
			projectDirPath = "";
			projectRoot = "";
			targets = (
				62B6D03323C8361C00C5723E /* GHFollower */,
			);
		};
/* End PBXProject section */

/* Begin PBXResourcesBuildPhase section */
		62B6D03223C8361C00C5723E /* Resources */ = {
			isa = PBXResourcesBuildPhase;
			buildActionMask = 2147483647;
			files = (
				62B6D04423C8361F00C5723E /* LaunchScreen.storyboard in Resources */,
				62B6D04123C8361F00C5723E /* Assets.xcassets in Resources */,
			);
			runOnlyForDeploymentPostprocessing = 0;
		};
/* End PBXResourcesBuildPhase section */

/* Begin PBXSourcesBuildPhase section */
		62B6D03023C8361C00C5723E /* Sources */ = {
			isa = PBXSourcesBuildPhase;
			buildActionMask = 2147483647;
			files = (
				62D5EBCD23D6CF480078BE11 /* User.swift in Sources */,
				62B6D17223CADC8F00C5723E /* GFTextField.swift in Sources */,
				62B6D04E23C843BF00C5723E /* FavoritesListVC.swift in Sources */,
				62B6D17023CAD8EE00C5723E /* GFButton.swift in Sources */,
				62299B9723D43DDA00429309 /* UIViewController+Ext.swift in Sources */,
				62B2953124145BBE0005183C /* UIHelper.swift in Sources */,
				626D98E4244AB8D700EC6D88 /* GFItemInfoVC.swift in Sources */,
				62AA72C724495D2D007879B7 /* Constants.swift in Sources */,
				62C75FFA23F8E97400B6CC5B /* GFAvatarImageView.swift in Sources */,
				62B6D04C23C8436400C5723E /* SearchVC.swift in Sources */,
				62299B9523D41AA500429309 /* GFAlertVC.swift in Sources */,
				6245B322244C3DB20023299A /* GFFollowerItemVC.swift in Sources */,
				626D98E2244AB07600EC6D88 /* GFItemInfoView.swift in Sources */,
				62C75FF823F8E83100B6CC5B /* FollowerCell.swift in Sources */,
				62299B9323D4192E00429309 /* GFBodyLabel.swift in Sources */,
				62AA72C1244949D5007879B7 /* GFUserInfoHeaderVC.swift in Sources */,
				62AA72BF24481855007879B7 /* GFError.swift in Sources */,
				62D5EBCB23D6CDC10078BE11 /* Follower.swift in Sources */,
				62299B9123D4166300429309 /* GFTitleLabel.swift in Sources */,
				62AA72C324494A5D007879B7 /* GFSecondaryTitleLabel.swift in Sources */,
				62AA72BB24454F7B007879B7 /* GFEmptyStateView.swift in Sources */,
				62D5EBD023E5158D0078BE11 /* NetworkManager.swift in Sources */,
				62E6E0EC23D128B2007AC29B /* FollowerListVC.swift in Sources */,
				62B6D03823C8361C00C5723E /* AppDelegate.swift in Sources */,
				62B6D03A23C8361C00C5723E /* SceneDelegate.swift in Sources */,
				6245B31E244C39630023299A /* GFRepoItemVC.swift in Sources */,
				62AA72BD2447FDFE007879B7 /* UserInfoVC.swift in Sources */,
			);
			runOnlyForDeploymentPostprocessing = 0;
		};
/* End PBXSourcesBuildPhase section */

/* Begin PBXVariantGroup section */
		62B6D04223C8361F00C5723E /* LaunchScreen.storyboard */ = {
			isa = PBXVariantGroup;
			children = (
				62B6D04323C8361F00C5723E /* Base */,
			);
			name = LaunchScreen.storyboard;
			sourceTree = "<group>";
		};
/* End PBXVariantGroup section */

/* Begin XCBuildConfiguration section */
		62B6D04623C8361F00C5723E /* Debug */ = {
			isa = XCBuildConfiguration;
			buildSettings = {
				ALWAYS_SEARCH_USER_PATHS = NO;
				CLANG_ANALYZER_NONNULL = YES;
				CLANG_ANALYZER_NUMBER_OBJECT_CONVERSION = YES_AGGRESSIVE;
				CLANG_CXX_LANGUAGE_STANDARD = "gnu++14";
				CLANG_CXX_LIBRARY = "libc++";
				CLANG_ENABLE_MODULES = YES;
				CLANG_ENABLE_OBJC_ARC = YES;
				CLANG_ENABLE_OBJC_WEAK = YES;
				CLANG_WARN_BLOCK_CAPTURE_AUTORELEASING = YES;
				CLANG_WARN_BOOL_CONVERSION = YES;
				CLANG_WARN_COMMA = YES;
				CLANG_WARN_CONSTANT_CONVERSION = YES;
				CLANG_WARN_DEPRECATED_OBJC_IMPLEMENTATIONS = YES;
				CLANG_WARN_DIRECT_OBJC_ISA_USAGE = YES_ERROR;
				CLANG_WARN_DOCUMENTATION_COMMENTS = YES;
				CLANG_WARN_EMPTY_BODY = YES;
				CLANG_WARN_ENUM_CONVERSION = YES;
				CLANG_WARN_INFINITE_RECURSION = YES;
				CLANG_WARN_INT_CONVERSION = YES;
				CLANG_WARN_NON_LITERAL_NULL_CONVERSION = YES;
				CLANG_WARN_OBJC_IMPLICIT_RETAIN_SELF = YES;
				CLANG_WARN_OBJC_LITERAL_CONVERSION = YES;
				CLANG_WARN_OBJC_ROOT_CLASS = YES_ERROR;
				CLANG_WARN_RANGE_LOOP_ANALYSIS = YES;
				CLANG_WARN_STRICT_PROTOTYPES = YES;
				CLANG_WARN_SUSPICIOUS_MOVE = YES;
				CLANG_WARN_UNGUARDED_AVAILABILITY = YES_AGGRESSIVE;
				CLANG_WARN_UNREACHABLE_CODE = YES;
				CLANG_WARN__DUPLICATE_METHOD_MATCH = YES;
				COPY_PHASE_STRIP = NO;
				DEBUG_INFORMATION_FORMAT = dwarf;
				ENABLE_STRICT_OBJC_MSGSEND = YES;
				ENABLE_TESTABILITY = YES;
				GCC_C_LANGUAGE_STANDARD = gnu11;
				GCC_DYNAMIC_NO_PIC = NO;
				GCC_NO_COMMON_BLOCKS = YES;
				GCC_OPTIMIZATION_LEVEL = 0;
				GCC_PREPROCESSOR_DEFINITIONS = (
					"DEBUG=1",
					"$(inherited)",
				);
				GCC_WARN_64_TO_32_BIT_CONVERSION = YES;
				GCC_WARN_ABOUT_RETURN_TYPE = YES_ERROR;
				GCC_WARN_UNDECLARED_SELECTOR = YES;
				GCC_WARN_UNINITIALIZED_AUTOS = YES_AGGRESSIVE;
				GCC_WARN_UNUSED_FUNCTION = YES;
				GCC_WARN_UNUSED_VARIABLE = YES;
				IPHONEOS_DEPLOYMENT_TARGET = 13.2;
				MTL_ENABLE_DEBUG_INFO = INCLUDE_SOURCE;
				MTL_FAST_MATH = YES;
				ONLY_ACTIVE_ARCH = YES;
				SDKROOT = iphoneos;
				SWIFT_ACTIVE_COMPILATION_CONDITIONS = DEBUG;
				SWIFT_OPTIMIZATION_LEVEL = "-Onone";
			};
			name = Debug;
		};
		62B6D04723C8361F00C5723E /* Release */ = {
			isa = XCBuildConfiguration;
			buildSettings = {
				ALWAYS_SEARCH_USER_PATHS = NO;
				CLANG_ANALYZER_NONNULL = YES;
				CLANG_ANALYZER_NUMBER_OBJECT_CONVERSION = YES_AGGRESSIVE;
				CLANG_CXX_LANGUAGE_STANDARD = "gnu++14";
				CLANG_CXX_LIBRARY = "libc++";
				CLANG_ENABLE_MODULES = YES;
				CLANG_ENABLE_OBJC_ARC = YES;
				CLANG_ENABLE_OBJC_WEAK = YES;
				CLANG_WARN_BLOCK_CAPTURE_AUTORELEASING = YES;
				CLANG_WARN_BOOL_CONVERSION = YES;
				CLANG_WARN_COMMA = YES;
				CLANG_WARN_CONSTANT_CONVERSION = YES;
				CLANG_WARN_DEPRECATED_OBJC_IMPLEMENTATIONS = YES;
				CLANG_WARN_DIRECT_OBJC_ISA_USAGE = YES_ERROR;
				CLANG_WARN_DOCUMENTATION_COMMENTS = YES;
				CLANG_WARN_EMPTY_BODY = YES;
				CLANG_WARN_ENUM_CONVERSION = YES;
				CLANG_WARN_INFINITE_RECURSION = YES;
				CLANG_WARN_INT_CONVERSION = YES;
				CLANG_WARN_NON_LITERAL_NULL_CONVERSION = YES;
				CLANG_WARN_OBJC_IMPLICIT_RETAIN_SELF = YES;
				CLANG_WARN_OBJC_LITERAL_CONVERSION = YES;
				CLANG_WARN_OBJC_ROOT_CLASS = YES_ERROR;
				CLANG_WARN_RANGE_LOOP_ANALYSIS = YES;
				CLANG_WARN_STRICT_PROTOTYPES = YES;
				CLANG_WARN_SUSPICIOUS_MOVE = YES;
				CLANG_WARN_UNGUARDED_AVAILABILITY = YES_AGGRESSIVE;
				CLANG_WARN_UNREACHABLE_CODE = YES;
				CLANG_WARN__DUPLICATE_METHOD_MATCH = YES;
				COPY_PHASE_STRIP = NO;
				DEBUG_INFORMATION_FORMAT = "dwarf-with-dsym";
				ENABLE_NS_ASSERTIONS = NO;
				ENABLE_STRICT_OBJC_MSGSEND = YES;
				GCC_C_LANGUAGE_STANDARD = gnu11;
				GCC_NO_COMMON_BLOCKS = YES;
				GCC_WARN_64_TO_32_BIT_CONVERSION = YES;
				GCC_WARN_ABOUT_RETURN_TYPE = YES_ERROR;
				GCC_WARN_UNDECLARED_SELECTOR = YES;
				GCC_WARN_UNINITIALIZED_AUTOS = YES_AGGRESSIVE;
				GCC_WARN_UNUSED_FUNCTION = YES;
				GCC_WARN_UNUSED_VARIABLE = YES;
				IPHONEOS_DEPLOYMENT_TARGET = 13.2;
				MTL_ENABLE_DEBUG_INFO = NO;
				MTL_FAST_MATH = YES;
				SDKROOT = iphoneos;
				SWIFT_COMPILATION_MODE = wholemodule;
				SWIFT_OPTIMIZATION_LEVEL = "-O";
				VALIDATE_PRODUCT = YES;
			};
			name = Release;
		};
		62B6D04923C8361F00C5723E /* Debug */ = {
			isa = XCBuildConfiguration;
			buildSettings = {
				ASSETCATALOG_COMPILER_APPICON_NAME = AppIcon;
				CODE_SIGN_STYLE = Automatic;
				DEVELOPMENT_TEAM = 4K99MWC577;
				INFOPLIST_FILE = GHFollower/Info.plist;
				IPHONEOS_DEPLOYMENT_TARGET = 13.0;
				LD_RUNPATH_SEARCH_PATHS = (
					"$(inherited)",
					"@executable_path/Frameworks",
				);
				PRODUCT_BUNDLE_IDENTIFIER = com.rhalgravez.GHFollower;
				PRODUCT_NAME = "$(TARGET_NAME)";
				SWIFT_VERSION = 5.0;
				TARGETED_DEVICE_FAMILY = 1;
			};
			name = Debug;
		};
		62B6D04A23C8361F00C5723E /* Release */ = {
			isa = XCBuildConfiguration;
			buildSettings = {
				ASSETCATALOG_COMPILER_APPICON_NAME = AppIcon;
				CODE_SIGN_STYLE = Automatic;
				DEVELOPMENT_TEAM = 4K99MWC577;
				INFOPLIST_FILE = GHFollower/Info.plist;
				IPHONEOS_DEPLOYMENT_TARGET = 13.0;
				LD_RUNPATH_SEARCH_PATHS = (
					"$(inherited)",
					"@executable_path/Frameworks",
				);
				PRODUCT_BUNDLE_IDENTIFIER = com.rhalgravez.GHFollower;
				PRODUCT_NAME = "$(TARGET_NAME)";
				SWIFT_VERSION = 5.0;
				TARGETED_DEVICE_FAMILY = 1;
			};
			name = Release;
		};
/* End XCBuildConfiguration section */

/* Begin XCConfigurationList section */
		62B6D02F23C8361C00C5723E /* Build configuration list for PBXProject "GHFollower" */ = {
			isa = XCConfigurationList;
			buildConfigurations = (
				62B6D04623C8361F00C5723E /* Debug */,
				62B6D04723C8361F00C5723E /* Release */,
			);
			defaultConfigurationIsVisible = 0;
			defaultConfigurationName = Release;
		};
		62B6D04823C8361F00C5723E /* Build configuration list for PBXNativeTarget "GHFollower" */ = {
			isa = XCConfigurationList;
			buildConfigurations = (
				62B6D04923C8361F00C5723E /* Debug */,
				62B6D04A23C8361F00C5723E /* Release */,
			);
			defaultConfigurationIsVisible = 0;
			defaultConfigurationName = Release;
		};
/* End XCConfigurationList section */
	};
	rootObject = 62B6D02C23C8361C00C5723E /* Project object */;
}
